
Microsoft Visual Studio Solution File, Format Version 12.00
# Visual Studio 15
VisualStudioVersion = 15.0.27703.2026
MinimumVisualStudioVersion = 10.0.40219.1
Project("{888888A0-9F3D-457C-B088-3A5042F75D52}") = "lawCompetition", "lawCompetition.pyproj", "{4F91EE93-9FF5-41F9-9B79-6BB810DAC82B}"
EndProject
Global
	GlobalSection(SolutionConfigurationPlatforms) = preSolution
		Debug|Any CPU = Debug|Any CPU
		Release|Any CPU = Release|Any CPU
	EndGlobalSection
	GlobalSection(ProjectConfigurationPlatforms) = postSolution
		{4F91EE93-9FF5-41F9-9B79-6BB810DAC82B}.Debug|Any CPU.ActiveCfg = Debug|Any CPU
		{4F91EE93-9FF5-41F9-9B79-6BB810DAC82B}.Release|Any CPU.ActiveCfg = Release|Any CPU
	EndGlobalSection
	GlobalSection(SolutionProperties) = preSolution
		HideSolutionNode = FALSE
	EndGlobalSection
	GlobalSection(ExtensibilityGlobals) = postSolution
		SolutionGuid = {F3CD25F8-DB06-4B97-8665-54949060A309}
	EndGlobalSection
EndGlobal
